PODS:
  - CHIPageControl (0.1.4):
    - CHIPageControl/Aji (= 0.1.4)
    - CHIPageControl/Aleppo (= 0.1.4)
    - CHIPageControl/Chimayo (= 0.1.4)
    - CHIPageControl/Fresno (= 0.1.4)
    - CHIPageControl/Jalapeno (= 0.1.4)
    - CHIPageControl/Jaloro (= 0.1.4)
    - CHIPageControl/Paprika (= 0.1.4)
    - CHIPageControl/Puya (= 0.1.4)
  - CHIPageControl/Aji (0.1.4)
  - CHIPageControl/Aleppo (0.1.4)
  - CHIPageControl/Chimayo (0.1.4)
  - CHIPageControl/Fresno (0.1.4)
  - CHIPageControl/Jalapeno (0.1.4)
  - CHIPageControl/Jaloro (0.1.4)
  - CHIPageControl/Paprika (0.1.4)
  - CHIPageControl/Puya (0.1.4)
  - UICircularProgressRing (1.7.5)

DEPENDENCIES:
  - CHIPageControl (~> 0.1.3)
  - UICircularProgressRing

SPEC CHECKSUMS:
  CHIPageControl: 032b5ab68506c00711d5a61bd83e9fdf2a7ecb22
  UICircularProgressRing: b35e45dc82aac8009d038ef4d2e19718675df2bd

PODFILE CHECKSUM: ead095d6d1ee4d940659fe75a64d46d56aed07c6

COCOAPODS: 1.3.1
